// !$*UTF8*$!
{
	archiveVersion = 1;
	classes = {
	};
	objectVersion = 48;
	objects = {

/* Begin PBXBuildFile section */
		4CAECBB081D484C8A7662DC1 /* Pods_InstagramFirebaseUITests.framework in Frameworks */ = {isa = PBXBuildFile; fileRef = 15E629D2B36CC86A215C007B /* Pods_InstagramFirebaseUITests.framework */; };
		954F62CC83890530FF1A2218 /* Pods_InstagramFirebase.framework in Frameworks */ = {isa = PBXBuildFile; fileRef = 5A0FE2CE2C65F02819792753 /* Pods_InstagramFirebase.framework */; };
		CD221E3D205B21F7003925A3 /* CommentsController.swift in Sources */ = {isa = PBXBuildFile; fileRef = CD221E3C205B21F7003925A3 /* CommentsController.swift */; };
		CD221E3F205B3CCF003925A3 /* CommentCell.swift in Sources */ = {isa = PBXBuildFile; fileRef = CD221E3E205B3CCF003925A3 /* CommentCell.swift */; };
		CD221E41205B51DB003925A3 /* Comment.swift in Sources */ = {isa = PBXBuildFile; fileRef = CD221E40205B51DB003925A3 /* Comment.swift */; };
		CD5475E82053519100630789 /* PhotoSelectorController.swift in Sources */ = {isa = PBXBuildFile; fileRef = CD5475E72053519100630789 /* PhotoSelectorController.swift */; };
		CD5475EA20536FAB00630789 /* PhotoSelectorCell.swift in Sources */ = {isa = PBXBuildFile; fileRef = CD5475E920536FAB00630789 /* PhotoSelectorCell.swift */; };
		CD5475EC2054AA0A00630789 /* PhotoSelectorHeader.swift in Sources */ = {isa = PBXBuildFile; fileRef = CD5475EB2054AA0A00630789 /* PhotoSelectorHeader.swift */; };
		CD5475EE20573C1C00630789 /* SharePhotoController.swift in Sources */ = {isa = PBXBuildFile; fileRef = CD5475ED20573C1C00630789 /* SharePhotoController.swift */; };
		CD5475F12057633C00630789 /* Post.swift in Sources */ = {isa = PBXBuildFile; fileRef = CD5475F02057633C00630789 /* Post.swift */; };
		CD5475F32057669800630789 /* UserProfilePhotoCell.swift in Sources */ = {isa = PBXBuildFile; fileRef = CD5475F22057669800630789 /* UserProfilePhotoCell.swift */; };
		CD714B452058D23F004B8EF4 /* CustomImageView.swift in Sources */ = {isa = PBXBuildFile; fileRef = CD714B442058D23F004B8EF4 /* CustomImageView.swift */; };
		CD714B482058D906004B8EF4 /* HomeController.swift in Sources */ = {isa = PBXBuildFile; fileRef = CD714B472058D906004B8EF4 /* HomeController.swift */; };
		CD714B4A2058DA9A004B8EF4 /* HomePostCell.swift in Sources */ = {isa = PBXBuildFile; fileRef = CD714B492058DA9A004B8EF4 /* HomePostCell.swift */; };
		CD714B4C2059DCD9004B8EF4 /* User.swift in Sources */ = {isa = PBXBuildFile; fileRef = CD714B4B2059DCD9004B8EF4 /* User.swift */; };
		CD714B4E2059ED8F004B8EF4 /* FirebaseUtils.swift in Sources */ = {isa = PBXBuildFile; fileRef = CD714B4D2059ED8F004B8EF4 /* FirebaseUtils.swift */; };
		CD714B512059F08D004B8EF4 /* UserSearchController.swift in Sources */ = {isa = PBXBuildFile; fileRef = CD714B502059F08D004B8EF4 /* UserSearchController.swift */; };
		CD714B532059F478004B8EF4 /* UserSearchCell.swift in Sources */ = {isa = PBXBuildFile; fileRef = CD714B522059F478004B8EF4 /* UserSearchCell.swift */; };
		CD714B56205ADFA8004B8EF4 /* CameraController.swift in Sources */ = {isa = PBXBuildFile; fileRef = CD714B55205ADFA8004B8EF4 /* CameraController.swift */; };
		CD714B58205AF7B7004B8EF4 /* PreviewPhotoContainerView.swift in Sources */ = {isa = PBXBuildFile; fileRef = CD714B57205AF7B7004B8EF4 /* PreviewPhotoContainerView.swift */; };
		CD714B5A205B0BDB004B8EF4 /* CustomAnimationPresentor.swift in Sources */ = {isa = PBXBuildFile; fileRef = CD714B59205B0BDB004B8EF4 /* CustomAnimationPresentor.swift */; };
		CD714B5C205B0F28004B8EF4 /* CustomAnimationDismisser.swift in Sources */ = {isa = PBXBuildFile; fileRef = CD714B5B205B0F28004B8EF4 /* CustomAnimationDismisser.swift */; };
		CDD3F557204F608D009987FC /* MainTabBarController.swift in Sources */ = {isa = PBXBuildFile; fileRef = CDD3F556204F608D009987FC /* MainTabBarController.swift */; };
		CDD3F559204F6161009987FC /* UserProfileController.swift in Sources */ = {isa = PBXBuildFile; fileRef = CDD3F558204F6161009987FC /* UserProfileController.swift */; };
		CDD3F55C204F8953009987FC /* UserProfileHeader.swift in Sources */ = {isa = PBXBuildFile; fileRef = CDD3F55B204F8953009987FC /* UserProfileHeader.swift */; };
		CDD3F55F2051041D009987FC /* LoginController.swift in Sources */ = {isa = PBXBuildFile; fileRef = CDD3F55E2051041D009987FC /* LoginController.swift */; };
		CDD518712048D9BD0013FBD6 /* AppDelegate.swift in Sources */ = {isa = PBXBuildFile; fileRef = CDD518702048D9BD0013FBD6 /* AppDelegate.swift */; };
		CDD518732048D9BD0013FBD6 /* SignUpViewController.swift in Sources */ = {isa = PBXBuildFile; fileRef = CDD518722048D9BD0013FBD6 /* SignUpViewController.swift */; };
		CDD518762048D9BD0013FBD6 /* Main.storyboard in Resources */ = {isa = PBXBuildFile; fileRef = CDD518742048D9BD0013FBD6 /* Main.storyboard */; };
		CDD518782048D9BD0013FBD6 /* Assets.xcassets in Resources */ = {isa = PBXBuildFile; fileRef = CDD518772048D9BD0013FBD6 /* Assets.xcassets */; };
		CDD5187B2048D9BE0013FBD6 /* LaunchScreen.storyboard in Resources */ = {isa = PBXBuildFile; fileRef = CDD518792048D9BE0013FBD6 /* LaunchScreen.storyboard */; };
		CDD518862048D9BE0013FBD6 /* InstagramFirebaseTests.swift in Sources */ = {isa = PBXBuildFile; fileRef = CDD518852048D9BE0013FBD6 /* InstagramFirebaseTests.swift */; };
		CDD518912048D9BE0013FBD6 /* InstagramFirebaseUITests.swift in Sources */ = {isa = PBXBuildFile; fileRef = CDD518902048D9BE0013FBD6 /* InstagramFirebaseUITests.swift */; };
		CDD518A0204E1E020013FBD6 /* Extensions.swift in Sources */ = {isa = PBXBuildFile; fileRef = CDD5189F204E1E020013FBD6 /* Extensions.swift */; };
		CDF9F8F620608DE600B7110E /* GoogleService-Info.plist in Resources */ = {isa = PBXBuildFile; fileRef = CDF9F8F520608DE600B7110E /* GoogleService-Info.plist */; };
		E33F809E5EB2A8EB6F942AF6 /* Pods_InstagramFirebaseTests.framework in Frameworks */ = {isa = PBXBuildFile; fileRef = 5BA4E482208DC22018280772 /* Pods_InstagramFirebaseTests.framework */; };
/* End PBXBuildFile section */

/* Begin PBXContainerItemProxy section */
		CDD518822048D9BE0013FBD6 /* PBXContainerItemProxy */ = {
			isa = PBXContainerItemProxy;
			containerPortal = CDD518652048D9BD0013FBD6 /* Project object */;
			proxyType = 1;
			remoteGlobalIDString = CDD5186C2048D9BD0013FBD6;
			remoteInfo = InstagramFirebase;
		};
		CDD5188D2048D9BE0013FBD6 /* PBXContainerItemProxy */ = {
			isa = PBXContainerItemProxy;
			containerPortal = CDD518652048D9BD0013FBD6 /* Project object */;
			proxyType = 1;
			remoteGlobalIDString = CDD5186C2048D9BD0013FBD6;
			remoteInfo = InstagramFirebase;
		};
/* End PBXContainerItemProxy section */

/* Begin PBXFileReference section */
		15E629D2B36CC86A215C007B /* Pods_InstagramFirebaseUITests.framework */ = {isa = PBXFileReference; explicitFileType = wrapper.framework; includeInIndex = 0; path = Pods_InstagramFirebaseUITests.framework; sourceTree = BUILT_PRODUCTS_DIR; };
		32237815F72FB38BED6B3702 /* Pods-InstagramFirebaseUITests.debug.xcconfig */ = {isa = PBXFileReference; includeInIndex = 1; lastKnownFileType = text.xcconfig; name = "Pods-InstagramFirebaseUITests.debug.xcconfig"; path = "Pods/Target Support Files/Pods-InstagramFirebaseUITests/Pods-InstagramFirebaseUITests.debug.xcconfig"; sourceTree = "<group>"; };
		44537CA874B17EF9B73135D7 /* Pods-InstagramFirebaseUITests.release.xcconfig */ = {isa = PBXFileReference; includeInIndex = 1; lastKnownFileType = text.xcconfig; name = "Pods-InstagramFirebaseUITests.release.xcconfig"; path = "Pods/Target Support Files/Pods-InstagramFirebaseUITests/Pods-InstagramFirebaseUITests.release.xcconfig"; sourceTree = "<group>"; };
		5A0FE2CE2C65F02819792753 /* Pods_InstagramFirebase.framework */ = {isa = PBXFileReference; explicitFileType = wrapper.framework; includeInIndex = 0; path = Pods_InstagramFirebase.framework; sourceTree = BUILT_PRODUCTS_DIR; };
		5BA4E482208DC22018280772 /* Pods_InstagramFirebaseTests.framework */ = {isa = PBXFileReference; explicitFileType = wrapper.framework; includeInIndex = 0; path = Pods_InstagramFirebaseTests.framework; sourceTree = BUILT_PRODUCTS_DIR; };
		79919EEE954EC39BAF84A28E /* Pods-InstagramFirebaseTests.release.xcconfig */ = {isa = PBXFileReference; includeInIndex = 1; lastKnownFileType = text.xcconfig; name = "Pods-InstagramFirebaseTests.release.xcconfig"; path = "Pods/Target Support Files/Pods-InstagramFirebaseTests/Pods-InstagramFirebaseTests.release.xcconfig"; sourceTree = "<group>"; };
		80902D3DB3A3086ABDB26769 /* Pods-InstagramFirebase.debug.xcconfig */ = {isa = PBXFileReference; includeInIndex = 1; lastKnownFileType = text.xcconfig; name = "Pods-InstagramFirebase.debug.xcconfig"; path = "Pods/Target Support Files/Pods-InstagramFirebase/Pods-InstagramFirebase.debug.xcconfig"; sourceTree = "<group>"; };
		8191EEA69B2F6ADAAAAB89AB /* Pods-InstagramFirebaseTests.debug.xcconfig */ = {isa = PBXFileReference; includeInIndex = 1; lastKnownFileType = text.xcconfig; name = "Pods-InstagramFirebaseTests.debug.xcconfig"; path = "Pods/Target Support Files/Pods-InstagramFirebaseTests/Pods-InstagramFirebaseTests.debug.xcconfig"; sourceTree = "<group>"; };
		A29F18FD2822A26BF3242973 /* Pods-InstagramFirebase.release.xcconfig */ = {isa = PBXFileReference; includeInIndex = 1; lastKnownFileType = text.xcconfig; name = "Pods-InstagramFirebase.release.xcconfig"; path = "Pods/Target Support Files/Pods-InstagramFirebase/Pods-InstagramFirebase.release.xcconfig"; sourceTree = "<group>"; };
		CD221E3C205B21F7003925A3 /* CommentsController.swift */ = {isa = PBXFileReference; lastKnownFileType = sourcecode.swift; path = CommentsController.swift; sourceTree = "<group>"; };
		CD221E3E205B3CCF003925A3 /* CommentCell.swift */ = {isa = PBXFileReference; lastKnownFileType = sourcecode.swift; path = CommentCell.swift; sourceTree = "<group>"; };
		CD221E40205B51DB003925A3 /* Comment.swift */ = {isa = PBXFileReference; lastKnownFileType = sourcecode.swift; path = Comment.swift; sourceTree = "<group>"; };
		CD5475E72053519100630789 /* PhotoSelectorController.swift */ = {isa = PBXFileReference; lastKnownFileType = sourcecode.swift; path = PhotoSelectorController.swift; sourceTree = "<group>"; };
		CD5475E920536FAB00630789 /* PhotoSelectorCell.swift */ = {isa = PBXFileReference; lastKnownFileType = sourcecode.swift; path = PhotoSelectorCell.swift; sourceTree = "<group>"; };
		CD5475EB2054AA0A00630789 /* PhotoSelectorHeader.swift */ = {isa = PBXFileReference; lastKnownFileType = sourcecode.swift; path = PhotoSelectorHeader.swift; sourceTree = "<group>"; };
		CD5475ED20573C1C00630789 /* SharePhotoController.swift */ = {isa = PBXFileReference; lastKnownFileType = sourcecode.swift; path = SharePhotoController.swift; sourceTree = "<group>"; };
		CD5475F02057633C00630789 /* Post.swift */ = {isa = PBXFileReference; lastKnownFileType = sourcecode.swift; path = Post.swift; sourceTree = "<group>"; };
		CD5475F22057669800630789 /* UserProfilePhotoCell.swift */ = {isa = PBXFileReference; lastKnownFileType = sourcecode.swift; path = UserProfilePhotoCell.swift; sourceTree = "<group>"; };
		CD714B442058D23F004B8EF4 /* CustomImageView.swift */ = {isa = PBXFileReference; lastKnownFileType = sourcecode.swift; path = CustomImageView.swift; sourceTree = "<group>"; };
		CD714B472058D906004B8EF4 /* HomeController.swift */ = {isa = PBXFileReference; lastKnownFileType = sourcecode.swift; path = HomeController.swift; sourceTree = "<group>"; };
		CD714B492058DA9A004B8EF4 /* HomePostCell.swift */ = {isa = PBXFileReference; lastKnownFileType = sourcecode.swift; path = HomePostCell.swift; sourceTree = "<group>"; };
		CD714B4B2059DCD9004B8EF4 /* User.swift */ = {isa = PBXFileReference; lastKnownFileType = sourcecode.swift; path = User.swift; sourceTree = "<group>"; };
		CD714B4D2059ED8F004B8EF4 /* FirebaseUtils.swift */ = {isa = PBXFileReference; lastKnownFileType = sourcecode.swift; path = FirebaseUtils.swift; sourceTree = "<group>"; };
		CD714B502059F08D004B8EF4 /* UserSearchController.swift */ = {isa = PBXFileReference; lastKnownFileType = sourcecode.swift; path = UserSearchController.swift; sourceTree = "<group>"; };
		CD714B522059F478004B8EF4 /* UserSearchCell.swift */ = {isa = PBXFileReference; lastKnownFileType = sourcecode.swift; path = UserSearchCell.swift; sourceTree = "<group>"; };
		CD714B55205ADFA8004B8EF4 /* CameraController.swift */ = {isa = PBXFileReference; lastKnownFileType = sourcecode.swift; path = CameraController.swift; sourceTree = "<group>"; };
		CD714B57205AF7B7004B8EF4 /* PreviewPhotoContainerView.swift */ = {isa = PBXFileReference; lastKnownFileType = sourcecode.swift; path = PreviewPhotoContainerView.swift; sourceTree = "<group>"; };
		CD714B59205B0BDB004B8EF4 /* CustomAnimationPresentor.swift */ = {isa = PBXFileReference; lastKnownFileType = sourcecode.swift; path = CustomAnimationPresentor.swift; sourceTree = "<group>"; };
		CD714B5B205B0F28004B8EF4 /* CustomAnimationDismisser.swift */ = {isa = PBXFileReference; lastKnownFileType = sourcecode.swift; path = CustomAnimationDismisser.swift; sourceTree = "<group>"; };
		CDD3F556204F608D009987FC /* MainTabBarController.swift */ = {isa = PBXFileReference; lastKnownFileType = sourcecode.swift; name = MainTabBarController.swift; path = /Users/dylanbruschi54/Desktop/InstagramFirebase/InstagramFirebase/MainTabBarController.swift; sourceTree = "<absolute>"; };
		CDD3F558204F6161009987FC /* UserProfileController.swift */ = {isa = PBXFileReference; lastKnownFileType = sourcecode.swift; path = UserProfileController.swift; sourceTree = "<group>"; };
		CDD3F55B204F8953009987FC /* UserProfileHeader.swift */ = {isa = PBXFileReference; lastKnownFileType = sourcecode.swift; path = UserProfileHeader.swift; sourceTree = "<group>"; };
		CDD3F55E2051041D009987FC /* LoginController.swift */ = {isa = PBXFileReference; lastKnownFileType = sourcecode.swift; path = LoginController.swift; sourceTree = "<group>"; };
		CDD5186D2048D9BD0013FBD6 /* InstagramFirebase.app */ = {isa = PBXFileReference; explicitFileType = wrapper.application; includeInIndex = 0; path = InstagramFirebase.app; sourceTree = BUILT_PRODUCTS_DIR; };
		CDD518702048D9BD0013FBD6 /* AppDelegate.swift */ = {isa = PBXFileReference; lastKnownFileType = sourcecode.swift; path = AppDelegate.swift; sourceTree = "<group>"; };
		CDD518722048D9BD0013FBD6 /* SignUpViewController.swift */ = {isa = PBXFileReference; lastKnownFileType = sourcecode.swift; path = SignUpViewController.swift; sourceTree = "<group>"; };
		CDD518752048D9BD0013FBD6 /* Base */ = {isa = PBXFileReference; lastKnownFileType = file.storyboard; name = Base; path = Base.lproj/Main.storyboard; sourceTree = "<group>"; };
		CDD518772048D9BD0013FBD6 /* Assets.xcassets */ = {isa = PBXFileReference; lastKnownFileType = folder.assetcatalog; path = Assets.xcassets; sourceTree = "<group>"; };
		CDD5187A2048D9BE0013FBD6 /* Base */ = {isa = PBXFileReference; lastKnownFileType = file.storyboard; name = Base; path = Base.lproj/LaunchScreen.storyboard; sourceTree = "<group>"; };
		CDD5187C2048D9BE0013FBD6 /* Info.plist */ = {isa = PBXFileReference; lastKnownFileType = text.plist.xml; path = Info.plist; sourceTree = "<group>"; };
		CDD518812048D9BE0013FBD6 /* InstagramFirebaseTests.xctest */ = {isa = PBXFileReference; explicitFileType = wrapper.cfbundle; includeInIndex = 0; path = InstagramFirebaseTests.xctest; sourceTree = BUILT_PRODUCTS_DIR; };
		CDD518852048D9BE0013FBD6 /* InstagramFirebaseTests.swift */ = {isa = PBXFileReference; lastKnownFileType = sourcecode.swift; path = InstagramFirebaseTests.swift; sourceTree = "<group>"; };
		CDD518872048D9BE0013FBD6 /* Info.plist */ = {isa = PBXFileReference; lastKnownFileType = text.plist.xml; path = Info.plist; sourceTree = "<group>"; };
		CDD5188C2048D9BE0013FBD6 /* InstagramFirebaseUITests.xctest */ = {isa = PBXFileReference; explicitFileType = wrapper.cfbundle; includeInIndex = 0; path = InstagramFirebaseUITests.xctest; sourceTree = BUILT_PRODUCTS_DIR; };
		CDD518902048D9BE0013FBD6 /* InstagramFirebaseUITests.swift */ = {isa = PBXFileReference; lastKnownFileType = sourcecode.swift; path = InstagramFirebaseUITests.swift; sourceTree = "<group>"; };
		CDD518922048D9BE0013FBD6 /* Info.plist */ = {isa = PBXFileReference; lastKnownFileType = text.plist.xml; path = Info.plist; sourceTree = "<group>"; };
		CDD5189F204E1E020013FBD6 /* Extensions.swift */ = {isa = PBXFileReference; lastKnownFileType = sourcecode.swift; path = Extensions.swift; sourceTree = "<group>"; };
		CDF9F8F4206086BB00B7110E /* InstagramFirebase.entitlements */ = {isa = PBXFileReference; lastKnownFileType = text.plist.entitlements; path = InstagramFirebase.entitlements; sourceTree = "<group>"; };
		CDF9F8F520608DE600B7110E /* GoogleService-Info.plist */ = {isa = PBXFileReference; fileEncoding = 4; lastKnownFileType = text.plist.xml; path = "GoogleService-Info.plist"; sourceTree = "<group>"; };
/* End PBXFileReference section */

/* Begin PBXFrameworksBuildPhase section */
		CDD5186A2048D9BD0013FBD6 /* Frameworks */ = {
			isa = PBXFrameworksBuildPhase;
			buildActionMask = 2147483647;
			files = (
				954F62CC83890530FF1A2218 /* Pods_InstagramFirebase.framework in Frameworks */,
			);
			runOnlyForDeploymentPostprocessing = 0;
		};
		CDD5187E2048D9BE0013FBD6 /* Frameworks */ = {
			isa = PBXFrameworksBuildPhase;
			buildActionMask = 2147483647;
			files = (
				E33F809E5EB2A8EB6F942AF6 /* Pods_InstagramFirebaseTests.framework in Frameworks */,
			);
			runOnlyForDeploymentPostprocessing = 0;
		};
		CDD518892048D9BE0013FBD6 /* Frameworks */ = {
			isa = PBXFrameworksBuildPhase;
			buildActionMask = 2147483647;
			files = (
				4CAECBB081D484C8A7662DC1 /* Pods_InstagramFirebaseUITests.framework in Frameworks */,
			);
			runOnlyForDeploymentPostprocessing = 0;
		};
/* End PBXFrameworksBuildPhase section */

/* Begin PBXGroup section */
		27D36B0D07ECF82AB121790F /* Pods */ = {
			isa = PBXGroup;
			children = (
				80902D3DB3A3086ABDB26769 /* Pods-InstagramFirebase.debug.xcconfig */,
				A29F18FD2822A26BF3242973 /* Pods-InstagramFirebase.release.xcconfig */,
				8191EEA69B2F6ADAAAAB89AB /* Pods-InstagramFirebaseTests.debug.xcconfig */,
				79919EEE954EC39BAF84A28E /* Pods-InstagramFirebaseTests.release.xcconfig */,
				32237815F72FB38BED6B3702 /* Pods-InstagramFirebaseUITests.debug.xcconfig */,
				44537CA874B17EF9B73135D7 /* Pods-InstagramFirebaseUITests.release.xcconfig */,
			);
			name = Pods;
			sourceTree = "<group>";
		};
		6D0E54391F182C69751AA7F3 /* Frameworks */ = {
			isa = PBXGroup;
			children = (
				5A0FE2CE2C65F02819792753 /* Pods_InstagramFirebase.framework */,
				5BA4E482208DC22018280772 /* Pods_InstagramFirebaseTests.framework */,
				15E629D2B36CC86A215C007B /* Pods_InstagramFirebaseUITests.framework */,
			);
			name = Frameworks;
			sourceTree = "<group>";
		};
		CD5475E62053516800630789 /* AddPhoto */ = {
			isa = PBXGroup;
			children = (
				CD5475E72053519100630789 /* PhotoSelectorController.swift */,
				CD5475E920536FAB00630789 /* PhotoSelectorCell.swift */,
				CD5475EB2054AA0A00630789 /* PhotoSelectorHeader.swift */,
				CD5475ED20573C1C00630789 /* SharePhotoController.swift */,
			);
			path = AddPhoto;
			sourceTree = "<group>";
		};
		CD5475EF2057632600630789 /* Models */ = {
			isa = PBXGroup;
			children = (
				CD5475F02057633C00630789 /* Post.swift */,
				CD714B4B2059DCD9004B8EF4 /* User.swift */,
				CD221E40205B51DB003925A3 /* Comment.swift */,
			);
			path = Models;
			sourceTree = "<group>";
		};
		CD714B462058D8C1004B8EF4 /* Home */ = {
			isa = PBXGroup;
			children = (
				CD714B472058D906004B8EF4 /* HomeController.swift */,
				CD714B492058DA9A004B8EF4 /* HomePostCell.swift */,
				CD221E3C205B21F7003925A3 /* CommentsController.swift */,
				CD221E3E205B3CCF003925A3 /* CommentCell.swift */,
			);
			path = Home;
			sourceTree = "<group>";
		};
		CD714B4F2059F047004B8EF4 /* Search */ = {
			isa = PBXGroup;
			children = (
				CD714B502059F08D004B8EF4 /* UserSearchController.swift */,
				CD714B522059F478004B8EF4 /* UserSearchCell.swift */,
			);
			path = Search;
			sourceTree = "<group>";
		};
		CD714B54205ADF98004B8EF4 /* Camera */ = {
			isa = PBXGroup;
			children = (
				CD714B55205ADFA8004B8EF4 /* CameraController.swift */,
				CD714B57205AF7B7004B8EF4 /* PreviewPhotoContainerView.swift */,
				CD714B59205B0BDB004B8EF4 /* CustomAnimationPresentor.swift */,
				CD714B5B205B0F28004B8EF4 /* CustomAnimationDismisser.swift */,
			);
			path = Camera;
			sourceTree = "<group>";
		};
		CDD3F55A204F893E009987FC /* UserProfile */ = {
			isa = PBXGroup;
			children = (
				CDD3F55B204F8953009987FC /* UserProfileHeader.swift */,
				CDD3F558204F6161009987FC /* UserProfileController.swift */,
				CD5475F22057669800630789 /* UserProfilePhotoCell.swift */,
			);
			path = UserProfile;
			sourceTree = "<group>";
		};
		CDD3F55D20510400009987FC /* Login */ = {
			isa = PBXGroup;
			children = (
				CDD3F55E2051041D009987FC /* LoginController.swift */,
				CDD518722048D9BD0013FBD6 /* SignUpViewController.swift */,
			);
			path = Login;
			sourceTree = "<group>";
		};
		CDD518642048D9BD0013FBD6 = {
			isa = PBXGroup;
			children = (
				CDD5186F2048D9BD0013FBD6 /* InstagramFirebase */,
				CDD518842048D9BE0013FBD6 /* InstagramFirebaseTests */,
				CDD5188F2048D9BE0013FBD6 /* InstagramFirebaseUITests */,
				CDD5186E2048D9BD0013FBD6 /* Products */,
				27D36B0D07ECF82AB121790F /* Pods */,
				6D0E54391F182C69751AA7F3 /* Frameworks */,
			);
			sourceTree = "<group>";
		};
		CDD5186E2048D9BD0013FBD6 /* Products */ = {
			isa = PBXGroup;
			children = (
				CDD5186D2048D9BD0013FBD6 /* InstagramFirebase.app */,
				CDD518812048D9BE0013FBD6 /* InstagramFirebaseTests.xctest */,
				CDD5188C2048D9BE0013FBD6 /* InstagramFirebaseUITests.xctest */,
			);
			name = Products;
			sourceTree = "<group>";
		};
		CDD5186F2048D9BD0013FBD6 /* InstagramFirebase */ = {
			isa = PBXGroup;
			children = (
				CDF9F8F4206086BB00B7110E /* InstagramFirebase.entitlements */,
				CD714B54205ADF98004B8EF4 /* Camera */,
				CD714B4F2059F047004B8EF4 /* Search */,
				CD714B462058D8C1004B8EF4 /* Home */,
				CD5475EF2057632600630789 /* Models */,
				CD5475E62053516800630789 /* AddPhoto */,
				CDD3F55D20510400009987FC /* Login */,
				CDD3F55A204F893E009987FC /* UserProfile */,
				CDD5189E204E1DDF0013FBD6 /* Utils */,
				CDD518702048D9BD0013FBD6 /* AppDelegate.swift */,
				CDD3F556204F608D009987FC /* MainTabBarController.swift */,
				CDD518742048D9BD0013FBD6 /* Main.storyboard */,
				CDD518772048D9BD0013FBD6 /* Assets.xcassets */,
				CDD518792048D9BE0013FBD6 /* LaunchScreen.storyboard */,
				CDD5187C2048D9BE0013FBD6 /* Info.plist */,
				CDF9F8F520608DE600B7110E /* GoogleService-Info.plist */,
			);
			path = InstagramFirebase;
			sourceTree = "<group>";
		};
		CDD518842048D9BE0013FBD6 /* InstagramFirebaseTests */ = {
			isa = PBXGroup;
			children = (
				CDD518852048D9BE0013FBD6 /* InstagramFirebaseTests.swift */,
				CDD518872048D9BE0013FBD6 /* Info.plist */,
			);
			path = InstagramFirebaseTests;
			sourceTree = "<group>";
		};
		CDD5188F2048D9BE0013FBD6 /* InstagramFirebaseUITests */ = {
			isa = PBXGroup;
			children = (
				CDD518902048D9BE0013FBD6 /* InstagramFirebaseUITests.swift */,
				CDD518922048D9BE0013FBD6 /* Info.plist */,
			);
			path = InstagramFirebaseUITests;
			sourceTree = "<group>";
		};
		CDD5189E204E1DDF0013FBD6 /* Utils */ = {
			isa = PBXGroup;
			children = (
				CDD5189F204E1E020013FBD6 /* Extensions.swift */,
				CD714B442058D23F004B8EF4 /* CustomImageView.swift */,
				CD714B4D2059ED8F004B8EF4 /* FirebaseUtils.swift */,
			);
			path = Utils;
			sourceTree = "<group>";
		};
/* End PBXGroup section */

/* Begin PBXNativeTarget section */
		CDD5186C2048D9BD0013FBD6 /* InstagramFirebase */ = {
			isa = PBXNativeTarget;
			buildConfigurationList = CDD518952048D9BE0013FBD6 /* Build configuration list for PBXNativeTarget "InstagramFirebase" */;
			buildPhases = (
				561E7A081AC402E8C19AE7D5 /* [CP] Check Pods Manifest.lock */,
				CDD518692048D9BD0013FBD6 /* Sources */,
				CDD5186A2048D9BD0013FBD6 /* Frameworks */,
				CDD5186B2048D9BD0013FBD6 /* Resources */,
				BF89E1225C5CB8316F3B1F4A /* [CP] Embed Pods Frameworks */,
				C789B54C42F0D2D7270CE421 /* [CP] Copy Pods Resources */,
			);
			buildRules = (
			);
			dependencies = (
			);
			name = InstagramFirebase;
			productName = InstagramFirebase;
			productReference = CDD5186D2048D9BD0013FBD6 /* InstagramFirebase.app */;
			productType = "com.apple.product-type.application";
		};
		CDD518802048D9BE0013FBD6 /* InstagramFirebaseTests */ = {
			isa = PBXNativeTarget;
			buildConfigurationList = CDD518982048D9BE0013FBD6 /* Build configuration list for PBXNativeTarget "InstagramFirebaseTests" */;
			buildPhases = (
				1CD034DF69880E166EA43A8C /* [CP] Check Pods Manifest.lock */,
				CDD5187D2048D9BE0013FBD6 /* Sources */,
				CDD5187E2048D9BE0013FBD6 /* Frameworks */,
				CDD5187F2048D9BE0013FBD6 /* Resources */,
				58FF02815A7FC2D8E764F048 /* [CP] Embed Pods Frameworks */,
				8FB4601AEAFC3808D7BF2D88 /* [CP] Copy Pods Resources */,
			);
			buildRules = (
			);
			dependencies = (
				CDD518832048D9BE0013FBD6 /* PBXTargetDependency */,
			);
			name = InstagramFirebaseTests;
			productName = InstagramFirebaseTests;
			productReference = CDD518812048D9BE0013FBD6 /* InstagramFirebaseTests.xctest */;
			productType = "com.apple.product-type.bundle.unit-test";
		};
		CDD5188B2048D9BE0013FBD6 /* InstagramFirebaseUITests */ = {
			isa = PBXNativeTarget;
			buildConfigurationList = CDD5189B2048D9BE0013FBD6 /* Build configuration list for PBXNativeTarget "InstagramFirebaseUITests" */;
			buildPhases = (
				54DDBFCB50E15151462EFBC1 /* [CP] Check Pods Manifest.lock */,
				CDD518882048D9BE0013FBD6 /* Sources */,
				CDD518892048D9BE0013FBD6 /* Frameworks */,
				CDD5188A2048D9BE0013FBD6 /* Resources */,
				36A9EFBFAAF61C960951A8FF /* [CP] Embed Pods Frameworks */,
				A2B9DC0DE34513C227318E0C /* [CP] Copy Pods Resources */,
			);
			buildRules = (
			);
			dependencies = (
				CDD5188E2048D9BE0013FBD6 /* PBXTargetDependency */,
			);
			name = InstagramFirebaseUITests;
			productName = InstagramFirebaseUITests;
			productReference = CDD5188C2048D9BE0013FBD6 /* InstagramFirebaseUITests.xctest */;
			productType = "com.apple.product-type.bundle.ui-testing";
		};
/* End PBXNativeTarget section */

/* Begin PBXProject section */
		CDD518652048D9BD0013FBD6 /* Project object */ = {
			isa = PBXProject;
			attributes = {
				LastSwiftUpdateCheck = 0920;
				LastUpgradeCheck = 0920;
				ORGANIZATIONNAME = "Dylan Bruschi";
				TargetAttributes = {
					CDD5186C2048D9BD0013FBD6 = {
						CreatedOnToolsVersion = 9.2;
						ProvisioningStyle = Automatic;
						SystemCapabilities = {
							com.apple.Push = {
								enabled = 1;
							};
						};
					};
					CDD518802048D9BE0013FBD6 = {
						CreatedOnToolsVersion = 9.2;
						ProvisioningStyle = Automatic;
						TestTargetID = CDD5186C2048D9BD0013FBD6;
					};
					CDD5188B2048D9BE0013FBD6 = {
						CreatedOnToolsVersion = 9.2;
						ProvisioningStyle = Automatic;
						TestTargetID = CDD5186C2048D9BD0013FBD6;
					};
				};
			};
			buildConfigurationList = CDD518682048D9BD0013FBD6 /* Build configuration list for PBXProject "InstagramFirebase" */;
			compatibilityVersion = "Xcode 8.0";
			developmentRegion = en;
			hasScannedForEncodings = 0;
			knownRegions = (
				en,
				Base,
			);
			mainGroup = CDD518642048D9BD0013FBD6;
			productRefGroup = CDD5186E2048D9BD0013FBD6 /* Products */;
			projectDirPath = "";
			projectRoot = "";
			targets = (
				CDD5186C2048D9BD0013FBD6 /* InstagramFirebase */,
				CDD518802048D9BE0013FBD6 /* InstagramFirebaseTests */,
				CDD5188B2048D9BE0013FBD6 /* InstagramFirebaseUITests */,
			);
		};
/* End PBXProject section */

/* Begin PBXResourcesBuildPhase section */
		CDD5186B2048D9BD0013FBD6 /* Resources */ = {
			isa = PBXResourcesBuildPhase;
			buildActionMask = 2147483647;
			files = (
				CDD5187B2048D9BE0013FBD6 /* LaunchScreen.storyboard in Resources */,
				CDD518782048D9BD0013FBD6 /* Assets.xcassets in Resources */,
				CDF9F8F620608DE600B7110E /* GoogleService-Info.plist in Resources */,
				CDD518762048D9BD0013FBD6 /* Main.storyboard in Resources */,
			);
			runOnlyForDeploymentPostprocessing = 0;
		};
		CDD5187F2048D9BE0013FBD6 /* Resources */ = {
			isa = PBXResourcesBuildPhase;
			buildActionMask = 2147483647;
			files = (
			);
			runOnlyForDeploymentPostprocessing = 0;
		};
		CDD5188A2048D9BE0013FBD6 /* Resources */ = {
			isa = PBXResourcesBuildPhase;
			buildActionMask = 2147483647;
			files = (
			);
			runOnlyForDeploymentPostprocessing = 0;
		};
/* End PBXResourcesBuildPhase section */

/* Begin PBXShellScriptBuildPhase section */
		1CD034DF69880E166EA43A8C /* [CP] Check Pods Manifest.lock */ = {
			isa = PBXShellScriptBuildPhase;
			buildActionMask = 2147483647;
			files = (
			);
			inputPaths = (
				"${PODS_PODFILE_DIR_PATH}/Podfile.lock",
				"${PODS_ROOT}/Manifest.lock",
			);
			name = "[CP] Check Pods Manifest.lock";
			outputPaths = (
				"$(DERIVED_FILE_DIR)/Pods-InstagramFirebaseTests-checkManifestLockResult.txt",
			);
			runOnlyForDeploymentPostprocessing = 0;
			shellPath = /bin/sh;
			shellScript = "diff \"${PODS_PODFILE_DIR_PATH}/Podfile.lock\" \"${PODS_ROOT}/Manifest.lock\" > /dev/null\nif [ $? != 0 ] ; then\n    # print error to STDERR\n    echo \"error: The sandbox is not in sync with the Podfile.lock. Run 'pod install' or update your CocoaPods installation.\" >&2\n    exit 1\nfi\n# This output is used by Xcode 'outputs' to avoid re-running this script phase.\necho \"SUCCESS\" > \"${SCRIPT_OUTPUT_FILE_0}\"\n";
			showEnvVarsInLog = 0;
		};
		36A9EFBFAAF61C960951A8FF /* [CP] Embed Pods Frameworks */ = {
			isa = PBXShellScriptBuildPhase;
			buildActionMask = 2147483647;
			files = (
			);
			inputPaths = (
			);
			name = "[CP] Embed Pods Frameworks";
			outputPaths = (
			);
			runOnlyForDeploymentPostprocessing = 0;
			shellPath = /bin/sh;
			shellScript = "\"${SRCROOT}/Pods/Target Support Files/Pods-InstagramFirebaseUITests/Pods-InstagramFirebaseUITests-frameworks.sh\"\n";
			showEnvVarsInLog = 0;
		};
		54DDBFCB50E15151462EFBC1 /* [CP] Check Pods Manifest.lock */ = {
			isa = PBXShellScriptBuildPhase;
			buildActionMask = 2147483647;
			files = (
			);
			inputPaths = (
				"${PODS_PODFILE_DIR_PATH}/Podfile.lock",
				"${PODS_ROOT}/Manifest.lock",
			);
			name = "[CP] Check Pods Manifest.lock";
			outputPaths = (
				"$(DERIVED_FILE_DIR)/Pods-InstagramFirebaseUITests-checkManifestLockResult.txt",
			);
			runOnlyForDeploymentPostprocessing = 0;
			shellPath = /bin/sh;
			shellScript = "diff \"${PODS_PODFILE_DIR_PATH}/Podfile.lock\" \"${PODS_ROOT}/Manifest.lock\" > /dev/null\nif [ $? != 0 ] ; then\n    # print error to STDERR\n    echo \"error: The sandbox is not in sync with the Podfile.lock. Run 'pod install' or update your CocoaPods installation.\" >&2\n    exit 1\nfi\n# This output is used by Xcode 'outputs' to avoid re-running this script phase.\necho \"SUCCESS\" > \"${SCRIPT_OUTPUT_FILE_0}\"\n";
			showEnvVarsInLog = 0;
		};
		561E7A081AC402E8C19AE7D5 /* [CP] Check Pods Manifest.lock */ = {
			isa = PBXShellScriptBuildPhase;
			buildActionMask = 2147483647;
			files = (
			);
			inputPaths = (
				"${PODS_PODFILE_DIR_PATH}/Podfile.lock",
				"${PODS_ROOT}/Manifest.lock",
			);
			name = "[CP] Check Pods Manifest.lock";
			outputPaths = (
				"$(DERIVED_FILE_DIR)/Pods-InstagramFirebase-checkManifestLockResult.txt",
			);
			runOnlyForDeploymentPostprocessing = 0;
			shellPath = /bin/sh;
			shellScript = "diff \"${PODS_PODFILE_DIR_PATH}/Podfile.lock\" \"${PODS_ROOT}/Manifest.lock\" > /dev/null\nif [ $? != 0 ] ; then\n    # print error to STDERR\n    echo \"error: The sandbox is not in sync with the Podfile.lock. Run 'pod install' or update your CocoaPods installation.\" >&2\n    exit 1\nfi\n# This output is used by Xcode 'outputs' to avoid re-running this script phase.\necho \"SUCCESS\" > \"${SCRIPT_OUTPUT_FILE_0}\"\n";
			showEnvVarsInLog = 0;
		};
		58FF02815A7FC2D8E764F048 /* [CP] Embed Pods Frameworks */ = {
			isa = PBXShellScriptBuildPhase;
			buildActionMask = 2147483647;
			files = (
			);
			inputPaths = (
			);
			name = "[CP] Embed Pods Frameworks";
			outputPaths = (
			);
			runOnlyForDeploymentPostprocessing = 0;
			shellPath = /bin/sh;
			shellScript = "\"${SRCROOT}/Pods/Target Support Files/Pods-InstagramFirebaseTests/Pods-InstagramFirebaseTests-frameworks.sh\"\n";
			showEnvVarsInLog = 0;
		};
		8FB4601AEAFC3808D7BF2D88 /* [CP] Copy Pods Resources */ = {
			isa = PBXShellScriptBuildPhase;
			buildActionMask = 2147483647;
			files = (
			);
			inputPaths = (
			);
			name = "[CP] Copy Pods Resources";
			outputPaths = (
			);
			runOnlyForDeploymentPostprocessing = 0;
			shellPath = /bin/sh;
			shellScript = "\"${SRCROOT}/Pods/Target Support Files/Pods-InstagramFirebaseTests/Pods-InstagramFirebaseTests-resources.sh\"\n";
			showEnvVarsInLog = 0;
		};
		A2B9DC0DE34513C227318E0C /* [CP] Copy Pods Resources */ = {
			isa = PBXShellScriptBuildPhase;
			buildActionMask = 2147483647;
			files = (
			);
			inputPaths = (
			);
			name = "[CP] Copy Pods Resources";
			outputPaths = (
			);
			runOnlyForDeploymentPostprocessing = 0;
			shellPath = /bin/sh;
			shellScript = "\"${SRCROOT}/Pods/Target Support Files/Pods-InstagramFirebaseUITests/Pods-InstagramFirebaseUITests-resources.sh\"\n";
			showEnvVarsInLog = 0;
		};
		BF89E1225C5CB8316F3B1F4A /* [CP] Embed Pods Frameworks */ = {
			isa = PBXShellScriptBuildPhase;
			buildActionMask = 2147483647;
			files = (
			);
			inputPaths = (
				"${SRCROOT}/Pods/Target Support Files/Pods-InstagramFirebase/Pods-InstagramFirebase-frameworks.sh",
				"${BUILT_PRODUCTS_DIR}/GTMSessionFetcher/GTMSessionFetcher.framework",
				"${BUILT_PRODUCTS_DIR}/GoogleToolboxForMac/GoogleToolboxForMac.framework",
				"${BUILT_PRODUCTS_DIR}/Protobuf/Protobuf.framework",
				"${BUILT_PRODUCTS_DIR}/leveldb-library/leveldb.framework",
				"${BUILT_PRODUCTS_DIR}/nanopb/nanopb.framework",
			);
			name = "[CP] Embed Pods Frameworks";
			outputPaths = (
				"${TARGET_BUILD_DIR}/${FRAMEWORKS_FOLDER_PATH}/GTMSessionFetcher.framework",
				"${TARGET_BUILD_DIR}/${FRAMEWORKS_FOLDER_PATH}/GoogleToolboxForMac.framework",
				"${TARGET_BUILD_DIR}/${FRAMEWORKS_FOLDER_PATH}/Protobuf.framework",
				"${TARGET_BUILD_DIR}/${FRAMEWORKS_FOLDER_PATH}/leveldb.framework",
				"${TARGET_BUILD_DIR}/${FRAMEWORKS_FOLDER_PATH}/nanopb.framework",
			);
			runOnlyForDeploymentPostprocessing = 0;
			shellPath = /bin/sh;
			shellScript = "\"${SRCROOT}/Pods/Target Support Files/Pods-InstagramFirebase/Pods-InstagramFirebase-frameworks.sh\"\n";
			showEnvVarsInLog = 0;
		};
		C789B54C42F0D2D7270CE421 /* [CP] Copy Pods Resources */ = {
			isa = PBXShellScriptBuildPhase;
			buildActionMask = 2147483647;
			files = (
			);
			inputPaths = (
			);
			name = "[CP] Copy Pods Resources";
			outputPaths = (
			);
			runOnlyForDeploymentPostprocessing = 0;
			shellPath = /bin/sh;
			shellScript = "\"${SRCROOT}/Pods/Target Support Files/Pods-InstagramFirebase/Pods-InstagramFirebase-resources.sh\"\n";
			showEnvVarsInLog = 0;
		};
/* End PBXShellScriptBuildPhase section */

/* Begin PBXSourcesBuildPhase section */
		CDD518692048D9BD0013FBD6 /* Sources */ = {
			isa = PBXSourcesBuildPhase;
			buildActionMask = 2147483647;
			files = (
				CD714B532059F478004B8EF4 /* UserSearchCell.swift in Sources */,
				CD714B4E2059ED8F004B8EF4 /* FirebaseUtils.swift in Sources */,
				CD5475EE20573C1C00630789 /* SharePhotoController.swift in Sources */,
				CDD518732048D9BD0013FBD6 /* SignUpViewController.swift in Sources */,
				CD5475EA20536FAB00630789 /* PhotoSelectorCell.swift in Sources */,
				CD714B452058D23F004B8EF4 /* CustomImageView.swift in Sources */,
				CD5475F12057633C00630789 /* Post.swift in Sources */,
				CD714B512059F08D004B8EF4 /* UserSearchController.swift in Sources */,
				CDD518A0204E1E020013FBD6 /* Extensions.swift in Sources */,
				CD714B5A205B0BDB004B8EF4 /* CustomAnimationPresentor.swift in Sources */,
				CD714B56205ADFA8004B8EF4 /* CameraController.swift in Sources */,
				CD5475F32057669800630789 /* UserProfilePhotoCell.swift in Sources */,
				CD714B4C2059DCD9004B8EF4 /* User.swift in Sources */,
				CD221E3F205B3CCF003925A3 /* CommentCell.swift in Sources */,
				CDD3F557204F608D009987FC /* MainTabBarController.swift in Sources */,
				CDD3F55C204F8953009987FC /* UserProfileHeader.swift in Sources */,
				CD714B5C205B0F28004B8EF4 /* CustomAnimationDismisser.swift in Sources */,
				CDD3F559204F6161009987FC /* UserProfileController.swift in Sources */,
				CDD518712048D9BD0013FBD6 /* AppDelegate.swift in Sources */,
				CD714B58205AF7B7004B8EF4 /* PreviewPhotoContainerView.swift in Sources */,
				CDD3F55F2051041D009987FC /* LoginController.swift in Sources */,
				CD714B4A2058DA9A004B8EF4 /* HomePostCell.swift in Sources */,
				CD5475EC2054AA0A00630789 /* PhotoSelectorHeader.swift in Sources */,
				CD221E3D205B21F7003925A3 /* CommentsController.swift in Sources */,
				CD5475E82053519100630789 /* PhotoSelectorController.swift in Sources */,
				CD221E41205B51DB003925A3 /* Comment.swift in Sources */,
				CD714B482058D906004B8EF4 /* HomeController.swift in Sources */,
			);
			runOnlyForDeploymentPostprocessing = 0;
		};
		CDD5187D2048D9BE0013FBD6 /* Sources */ = {
			isa = PBXSourcesBuildPhase;
			buildActionMask = 2147483647;
			files = (
				CDD518862048D9BE0013FBD6 /* InstagramFirebaseTests.swift in Sources */,
			);
			runOnlyForDeploymentPostprocessing = 0;
		};
		CDD518882048D9BE0013FBD6 /* Sources */ = {
			isa = PBXSourcesBuildPhase;
			buildActionMask = 2147483647;
			files = (
				CDD518912048D9BE0013FBD6 /* InstagramFirebaseUITests.swift in Sources */,
			);
			runOnlyForDeploymentPostprocessing = 0;
		};
/* End PBXSourcesBuildPhase section */

/* Begin PBXTargetDependency section */
		CDD518832048D9BE0013FBD6 /* PBXTargetDependency */ = {
			isa = PBXTargetDependency;
			target = CDD5186C2048D9BD0013FBD6 /* InstagramFirebase */;
			targetProxy = CDD518822048D9BE0013FBD6 /* PBXContainerItemProxy */;
		};
		CDD5188E2048D9BE0013FBD6 /* PBXTargetDependency */ = {
			isa = PBXTargetDependency;
			target = CDD5186C2048D9BD0013FBD6 /* InstagramFirebase */;
			targetProxy = CDD5188D2048D9BE0013FBD6 /* PBXContainerItemProxy */;
		};
/* End PBXTargetDependency section */

/* Begin PBXVariantGroup section */
		CDD518742048D9BD0013FBD6 /* Main.storyboard */ = {
			isa = PBXVariantGroup;
			children = (
				CDD518752048D9BD0013FBD6 /* Base */,
			);
			name = Main.storyboard;
			sourceTree = "<group>";
		};
		CDD518792048D9BE0013FBD6 /* LaunchScreen.storyboard */ = {
			isa = PBXVariantGroup;
			children = (
				CDD5187A2048D9BE0013FBD6 /* Base */,
			);
			name = LaunchScreen.storyboard;
			sourceTree = "<group>";
		};
/* End PBXVariantGroup section */

/* Begin XCBuildConfiguration section */
		CDD518932048D9BE0013FBD6 /* Debug */ = {
			isa = XCBuildConfiguration;
			buildSettings = {
				ALWAYS_SEARCH_USER_PATHS = NO;
				CLANG_ANALYZER_NONNULL = YES;
				CLANG_ANALYZER_NUMBER_OBJECT_CONVERSION = YES_AGGRESSIVE;
				CLANG_CXX_LANGUAGE_STANDARD = "gnu++14";
				CLANG_CXX_LIBRARY = "libc++";
				CLANG_ENABLE_MODULES = YES;
				CLANG_ENABLE_OBJC_ARC = YES;
				CLANG_WARN_BLOCK_CAPTURE_AUTORELEASING = YES;
				CLANG_WARN_BOOL_CONVERSION = YES;
				CLANG_WARN_COMMA = YES;
				CLANG_WARN_CONSTANT_CONVERSION = YES;
				CLANG_WARN_DIRECT_OBJC_ISA_USAGE = YES_ERROR;
				CLANG_WARN_DOCUMENTATION_COMMENTS = YES;
				CLANG_WARN_EMPTY_BODY = YES;
				CLANG_WARN_ENUM_CONVERSION = YES;
				CLANG_WARN_INFINITE_RECURSION = YES;
				CLANG_WARN_INT_CONVERSION = YES;
				CLANG_WARN_NON_LITERAL_NULL_CONVERSION = YES;
				CLANG_WARN_OBJC_LITERAL_CONVERSION = YES;
				CLANG_WARN_OBJC_ROOT_CLASS = YES_ERROR;
				CLANG_WARN_RANGE_LOOP_ANALYSIS = YES;
				CLANG_WARN_STRICT_PROTOTYPES = YES;
				CLANG_WARN_SUSPICIOUS_MOVE = YES;
				CLANG_WARN_UNGUARDED_AVAILABILITY = YES_AGGRESSIVE;
				CLANG_WARN_UNREACHABLE_CODE = YES;
				CLANG_WARN__DUPLICATE_METHOD_MATCH = YES;
				CODE_SIGN_IDENTITY = "iPhone Developer";
				COPY_PHASE_STRIP = NO;
				DEBUG_INFORMATION_FORMAT = dwarf;
				ENABLE_STRICT_OBJC_MSGSEND = YES;
				ENABLE_TESTABILITY = YES;
				GCC_C_LANGUAGE_STANDARD = gnu11;
				GCC_DYNAMIC_NO_PIC = NO;
				GCC_NO_COMMON_BLOCKS = YES;
				GCC_OPTIMIZATION_LEVEL = 0;
				GCC_PREPROCESSOR_DEFINITIONS = (
					"DEBUG=1",
					"$(inherited)",
				);
				GCC_WARN_64_TO_32_BIT_CONVERSION = YES;
				GCC_WARN_ABOUT_RETURN_TYPE = YES_ERROR;
				GCC_WARN_UNDECLARED_SELECTOR = YES;
				GCC_WARN_UNINITIALIZED_AUTOS = YES_AGGRESSIVE;
				GCC_WARN_UNUSED_FUNCTION = YES;
				GCC_WARN_UNUSED_VARIABLE = YES;
				IPHONEOS_DEPLOYMENT_TARGET = 11.2;
				MTL_ENABLE_DEBUG_INFO = YES;
				ONLY_ACTIVE_ARCH = YES;
				SDKROOT = iphoneos;
				SWIFT_ACTIVE_COMPILATION_CONDITIONS = DEBUG;
				SWIFT_OPTIMIZATION_LEVEL = "-Onone";
			};
			name = Debug;
		};
		CDD518942048D9BE0013FBD6 /* Release */ = {
			isa = XCBuildConfiguration;
			buildSettings = {
				ALWAYS_SEARCH_USER_PATHS = NO;
				CLANG_ANALYZER_NONNULL = YES;
				CLANG_ANALYZER_NUMBER_OBJECT_CONVERSION = YES_AGGRESSIVE;
				CLANG_CXX_LANGUAGE_STANDARD = "gnu++14";
				CLANG_CXX_LIBRARY = "libc++";
				CLANG_ENABLE_MODULES = YES;
				CLANG_ENABLE_OBJC_ARC = YES;
				CLANG_WARN_BLOCK_CAPTURE_AUTORELEASING = YES;
				CLANG_WARN_BOOL_CONVERSION = YES;
				CLANG_WARN_COMMA = YES;
				CLANG_WARN_CONSTANT_CONVERSION = YES;
				CLANG_WARN_DIRECT_OBJC_ISA_USAGE = YES_ERROR;
				CLANG_WARN_DOCUMENTATION_COMMENTS = YES;
				CLANG_WARN_EMPTY_BODY = YES;
				CLANG_WARN_ENUM_CONVERSION = YES;
				CLANG_WARN_INFINITE_RECURSION = YES;
				CLANG_WARN_INT_CONVERSION = YES;
				CLANG_WARN_NON_LITERAL_NULL_CONVERSION = YES;
				CLANG_WARN_OBJC_LITERAL_CONVERSION = YES;
				CLANG_WARN_OBJC_ROOT_CLASS = YES_ERROR;
				CLANG_WARN_RANGE_LOOP_ANALYSIS = YES;
				CLANG_WARN_STRICT_PROTOTYPES = YES;
				CLANG_WARN_SUSPICIOUS_MOVE = YES;
				CLANG_WARN_UNGUARDED_AVAILABILITY = YES_AGGRESSIVE;
				CLANG_WARN_UNREACHABLE_CODE = YES;
				CLANG_WARN__DUPLICATE_METHOD_MATCH = YES;
				CODE_SIGN_IDENTITY = "iPhone Developer";
				COPY_PHASE_STRIP = NO;
				DEBUG_INFORMATION_FORMAT = "dwarf-with-dsym";
				ENABLE_NS_ASSERTIONS = NO;
				ENABLE_STRICT_OBJC_MSGSEND = YES;
				GCC_C_LANGUAGE_STANDARD = gnu11;
				GCC_NO_COMMON_BLOCKS = YES;
				GCC_WARN_64_TO_32_BIT_CONVERSION = YES;
				GCC_WARN_ABOUT_RETURN_TYPE = YES_ERROR;
				GCC_WARN_UNDECLARED_SELECTOR = YES;
				GCC_WARN_UNINITIALIZED_AUTOS = YES_AGGRESSIVE;
				GCC_WARN_UNUSED_FUNCTION = YES;
				GCC_WARN_UNUSED_VARIABLE = YES;
				IPHONEOS_DEPLOYMENT_TARGET = 11.2;
				MTL_ENABLE_DEBUG_INFO = NO;
				SDKROOT = iphoneos;
				SWIFT_OPTIMIZATION_LEVEL = "-Owholemodule";
				VALIDATE_PRODUCT = YES;
			};
			name = Release;
		};
		CDD518962048D9BE0013FBD6 /* Debug */ = {
			isa = XCBuildConfiguration;
			baseConfigurationReference = 80902D3DB3A3086ABDB26769 /* Pods-InstagramFirebase.debug.xcconfig */;
			buildSettings = {
				ASSETCATALOG_COMPILER_APPICON_NAME = AppIcon;
				CODE_SIGN_ENTITLEMENTS = InstagramFirebase/InstagramFirebase.entitlements;
				CODE_SIGN_STYLE = Automatic;
				DEVELOPMENT_TEAM = 84NJ8T743J;
				INFOPLIST_FILE = InstagramFirebase/Info.plist;
				LD_RUNPATH_SEARCH_PATHS = "$(inherited) @executable_path/Frameworks";
				PRODUCT_BUNDLE_IDENTIFIER = dlb.InstagramFirebasePush;
				PRODUCT_NAME = "$(TARGET_NAME)";
				SWIFT_VERSION = 4.0;
				TARGETED_DEVICE_FAMILY = "1,2";
			};
			name = Debug;
		};
		CDD518972048D9BE0013FBD6 /* Release */ = {
			isa = XCBuildConfiguration;
			baseConfigurationReference = A29F18FD2822A26BF3242973 /* Pods-InstagramFirebase.release.xcconfig */;
			buildSettings = {
				ASSETCATALOG_COMPILER_APPICON_NAME = AppIcon;
				CODE_SIGN_ENTITLEMENTS = InstagramFirebase/InstagramFirebase.entitlements;
				CODE_SIGN_STYLE = Automatic;
				DEVELOPMENT_TEAM = 84NJ8T743J;
				INFOPLIST_FILE = InstagramFirebase/Info.plist;
				LD_RUNPATH_SEARCH_PATHS = "$(inherited) @executable_path/Frameworks";
				PRODUCT_BUNDLE_IDENTIFIER = dlb.InstagramFirebasePush;
				PRODUCT_NAME = "$(TARGET_NAME)";
				SWIFT_VERSION = 4.0;
				TARGETED_DEVICE_FAMILY = "1,2";
			};
			name = Release;
		};
		CDD518992048D9BE0013FBD6 /* Debug */ = {
			isa = XCBuildConfiguration;
			baseConfigurationReference = 8191EEA69B2F6ADAAAAB89AB /* Pods-InstagramFirebaseTests.debug.xcconfig */;
			buildSettings = {
				ALWAYS_EMBED_SWIFT_STANDARD_LIBRARIES = YES;
				BUNDLE_LOADER = "$(TEST_HOST)";
				CODE_SIGN_STYLE = Automatic;
				INFOPLIST_FILE = InstagramFirebaseTests/Info.plist;
				LD_RUNPATH_SEARCH_PATHS = "$(inherited) @executable_path/Frameworks @loader_path/Frameworks";
				PRODUCT_BUNDLE_IDENTIFIER = dlb.InstagramFirebaseTests;
				PRODUCT_NAME = "$(TARGET_NAME)";
				SWIFT_VERSION = 4.0;
				TARGETED_DEVICE_FAMILY = "1,2";
				TEST_HOST = "$(BUILT_PRODUCTS_DIR)/InstagramFirebase.app/InstagramFirebase";
			};
			name = Debug;
		};
		CDD5189A2048D9BE0013FBD6 /* Release */ = {
			isa = XCBuildConfiguration;
			baseConfigurationReference = 79919EEE954EC39BAF84A28E /* Pods-InstagramFirebaseTests.release.xcconfig */;
			buildSettings = {
				ALWAYS_EMBED_SWIFT_STANDARD_LIBRARIES = YES;
				BUNDLE_LOADER = "$(TEST_HOST)";
				CODE_SIGN_STYLE = Automatic;
				INFOPLIST_FILE = InstagramFirebaseTests/Info.plist;
				LD_RUNPATH_SEARCH_PATHS = "$(inherited) @executable_path/Frameworks @loader_path/Frameworks";
				PRODUCT_BUNDLE_IDENTIFIER = dlb.InstagramFirebaseTests;
				PRODUCT_NAME = "$(TARGET_NAME)";
				SWIFT_VERSION = 4.0;
				TARGETED_DEVICE_FAMILY = "1,2";
				TEST_HOST = "$(BUILT_PRODUCTS_DIR)/InstagramFirebase.app/InstagramFirebase";
			};
			name = Release;
		};
		CDD5189C2048D9BE0013FBD6 /* Debug */ = {
			isa = XCBuildConfiguration;
			baseConfigurationReference = 32237815F72FB38BED6B3702 /* Pods-InstagramFirebaseUITests.debug.xcconfig */;
			buildSettings = {
				ALWAYS_EMBED_SWIFT_STANDARD_LIBRARIES = YES;
				CODE_SIGN_STYLE = Automatic;
				INFOPLIST_FILE = InstagramFirebaseUITests/Info.plist;
				LD_RUNPATH_SEARCH_PATHS = "$(inherited) @executable_path/Frameworks @loader_path/Frameworks";
				PRODUCT_BUNDLE_IDENTIFIER = dlb.InstagramFirebaseUITests;
				PRODUCT_NAME = "$(TARGET_NAME)";
				SWIFT_VERSION = 4.0;
				TARGETED_DEVICE_FAMILY = "1,2";
				TEST_TARGET_NAME = InstagramFirebase;
			};
			name = Debug;
		};
		CDD5189D2048D9BE0013FBD6 /* Release */ = {
			isa = XCBuildConfiguration;
			baseConfigurationReference = 44537CA874B17EF9B73135D7 /* Pods-InstagramFirebaseUITests.release.xcconfig */;
			buildSettings = {
				ALWAYS_EMBED_SWIFT_STANDARD_LIBRARIES = YES;
				CODE_SIGN_STYLE = Automatic;
				INFOPLIST_FILE = InstagramFirebaseUITests/Info.plist;
				LD_RUNPATH_SEARCH_PATHS = "$(inherited) @executable_path/Frameworks @loader_path/Frameworks";
				PRODUCT_BUNDLE_IDENTIFIER = dlb.InstagramFirebaseUITests;
				PRODUCT_NAME = "$(TARGET_NAME)";
				SWIFT_VERSION = 4.0;
				TARGETED_DEVICE_FAMILY = "1,2";
				TEST_TARGET_NAME = InstagramFirebase;
			};
			name = Release;
		};
/* End XCBuildConfiguration section */

/* Begin XCConfigurationList section */
		CDD518682048D9BD0013FBD6 /* Build configuration list for PBXProject "InstagramFirebase" */ = {
			isa = XCConfigurationList;
			buildConfigurations = (
				CDD518932048D9BE0013FBD6 /* Debug */,
				CDD518942048D9BE0013FBD6 /* Release */,
			);
			defaultConfigurationIsVisible = 0;
			defaultConfigurationName = Release;
		};
		CDD518952048D9BE0013FBD6 /* Build configuration list for PBXNativeTarget "InstagramFirebase" */ = {
			isa = XCConfigurationList;
			buildConfigurations = (
				CDD518962048D9BE0013FBD6 /* Debug */,
				CDD518972048D9BE0013FBD6 /* Release */,
			);
			defaultConfigurationIsVisible = 0;
			defaultConfigurationName = Release;
		};
		CDD518982048D9BE0013FBD6 /* Build configuration list for PBXNativeTarget "InstagramFirebaseTests" */ = {
			isa = XCConfigurationList;
			buildConfigurations = (
				CDD518992048D9BE0013FBD6 /* Debug */,
				CDD5189A2048D9BE0013FBD6 /* Release */,
			);
			defaultConfigurationIsVisible = 0;
			defaultConfigurationName = Release;
		};
		CDD5189B2048D9BE0013FBD6 /* Build configuration list for PBXNativeTarget "InstagramFirebaseUITests" */ = {
			isa = XCConfigurationList;
			buildConfigurations = (
				CDD5189C2048D9BE0013FBD6 /* Debug */,
				CDD5189D2048D9BE0013FBD6 /* Release */,
			);
			defaultConfigurationIsVisible = 0;
			defaultConfigurationName = Release;
		};
/* End XCConfigurationList section */
	};
	rootObject = CDD518652048D9BD0013FBD6 /* Project object */;
}
